// !$*UTF8*$!
{
	archiveVersion = 1;
	classes = {
	};
	objectVersion = 46;
	objects = {

/* Begin PBXBuildFile section */
		D5D181501E137F8200211351 /* AppDelegate.swift in Sources */ = {isa = PBXBuildFile; fileRef = D5D1814F1E137F8200211351 /* AppDelegate.swift */; };
		D5D181521E137F8200211351 /* ViewController.swift in Sources */ = {isa = PBXBuildFile; fileRef = D5D181511E137F8200211351 /* ViewController.swift */; };
		D5D181551E137F8200211351 /* Main.storyboard in Resources */ = {isa = PBXBuildFile; fileRef = D5D181531E137F8200211351 /* Main.storyboard */; };
		D5D181571E137F8200211351 /* Assets.xcassets in Resources */ = {isa = PBXBuildFile; fileRef = D5D181561E137F8200211351 /* Assets.xcassets */; };
		D5D1815A1E137F8200211351 /* LaunchScreen.storyboard in Resources */ = {isa = PBXBuildFile; fileRef = D5D181581E137F8200211351 /* LaunchScreen.storyboard */; };
/* End PBXBuildFile section */

/* Begin PBXFileReference section */
		D5D1814C1E137F8200211351 /* ScrollThePage.app */ = {isa = PBXFileReference; explicitFileType = wrapper.application; includeInIndex = 0; path = ScrollThePage.app; sourceTree = BUILT_PRODUCTS_DIR; };
		D5D1814F1E137F8200211351 /* AppDelegate.swift */ = {isa = PBXFileReference; lastKnownFileType = sourcecode.swift; path = AppDelegate.swift; sourceTree = "<group>"; };
		D5D181511E137F8200211351 /* ViewController.swift */ = {isa = PBXFileReference; lastKnownFileType = sourcecode.swift; path = ViewController.swift; sourceTree = "<group>"; };
		D5D181541E137F8200211351 /* Base */ = {isa = PBXFileReference; lastKnownFileType = file.storyboard; name = Base; path = Base.lproj/Main.storyboard; sourceTree = "<group>"; };
		D5D181561E137F8200211351 /* Assets.xcassets */ = {isa = PBXFileReference; lastKnownFileType = folder.assetcatalog; path = Assets.xcassets; sourceTree = "<group>"; };
		D5D181591E137F8200211351 /* Base */ = {isa = PBXFileReference; lastKnownFileType = file.storyboard; name = Base; path = Base.lproj/LaunchScreen.storyboard; sourceTree = "<group>"; };
		D5D1815B1E137F8200211351 /* Info.plist */ = {isa = PBXFileReference; lastKnownFileType = text.plist.xml; path = Info.plist; sourceTree = "<group>"; };
/* End PBXFileReference section */

/* Begin PBXFrameworksBuildPhase section */
		D5D181491E137F8200211351 /* Frameworks */ = {
			isa = PBXFrameworksBuildPhase;
			buildActionMask = 2147483647;
			files = (
			);
			runOnlyForDeploymentPostprocessing = 0;
		};
/* End PBXFrameworksBuildPhase section */

/* Begin PBXGroup section */
		D5D181431E137F8200211351 = {
			isa = PBXGroup;
			children = (
				D5D1814E1E137F8200211351 /* ScrollThePage */,
				D5D1814D1E137F8200211351 /* Products */,
			);
			sourceTree = "<group>";
		};
		D5D1814D1E137F8200211351 /* Products */ = {
			isa = PBXGroup;
			children = (
				D5D1814C1E137F8200211351 /* ScrollThePage.app */,
			);
			name = Products;
			sourceTree = "<group>";
		};
		D5D1814E1E137F8200211351 /* ScrollThePage */ = {
			isa = PBXGroup;
			children = (
				D5D1814F1E137F8200211351 /* AppDelegate.swift */,
				D5D181511E137F8200211351 /* ViewController.swift */,
				D5D181531E137F8200211351 /* Main.storyboard */,
				D5D181561E137F8200211351 /* Assets.xcassets */,
				D5D181581E137F8200211351 /* LaunchScreen.storyboard */,
				D5D1815B1E137F8200211351 /* Info.plist */,
			);
			path = ScrollThePage;
			sourceTree = "<group>";
		};
/* End PBXGroup section */

/* Begin PBXNativeTarget section */
		D5D1814B1E137F8200211351 /* ScrollThePage */ = {
			isa = PBXNativeTarget;
			buildConfigurationList = D5D1815E1E137F8200211351 /* Build configuration list for PBXNativeTarget "ScrollThePage" */;
			buildPhases = (
				D5D181481E137F8200211351 /* Sources */,
				D5D181491E137F8200211351 /* Frameworks */,
				D5D1814A1E137F8200211351 /* Resources */,
			);
			buildRules = (
			);
			dependencies = (
			);
			name = ScrollThePage;
			productName = ScrollThePage;
			productReference = D5D1814C1E137F8200211351 /* ScrollThePage.app */;
			productType = "com.apple.product-type.application";
		};
/* End PBXNativeTarget section */

/* Begin PBXProject section */
		D5D181441E137F8200211351 /* Project object */ = {
			isa = PBXProject;
			attributes = {
				LastSwiftUpdateCheck = 0820;
				LastUpgradeCheck = 0820;
				ORGANIZATIONNAME = AmanGarry;
				TargetAttributes = {
					D5D1814B1E137F8200211351 = {
						CreatedOnToolsVersion = 8.2;
						DevelopmentTeam = LT67CKJU24;
						ProvisioningStyle = Automatic;
					};
				};
			};
			buildConfigurationList = D5D181471E137F8200211351 /* Build configuration list for PBXProject "ScrollThePage" */;
			compatibilityVersion = "Xcode 3.2";
			developmentRegion = English;
			hasScannedForEncodings = 0;
			knownRegions = (
				en,
				Base,
			);
			mainGroup = D5D181431E137F8200211351;
			productRefGroup = D5D1814D1E137F8200211351 /* Products */;
			projectDirPath = "";
			projectRoot = "";
			targets = (
				D5D1814B1E137F8200211351 /* ScrollThePage */,
			);
		};
/* End PBXProject section */

/* Begin PBXResourcesBuildPhase section */
		D5D1814A1E137F8200211351 /* Resources */ = {
			isa = PBXResourcesBuildPhase;
			buildActionMask = 2147483647;
			files = (
				D5D1815A1E137F8200211351 /* LaunchScreen.storyboard in Resources */,
				D5D181571E137F8200211351 /* Assets.xcassets in Resources */,
				D5D181551E137F8200211351 /* Main.storyboard in Resources */,
			);
			runOnlyForDeploymentPostprocessing = 0;
		};
/* End PBXResourcesBuildPhase section */

/* Begin PBXSourcesBuildPhase section */
		D5D181481E137F8200211351 /* Sources */ = {
			isa = PBXSourcesBuildPhase;
			buildActionMask = 2147483647;
			files = (
				D5D181521E137F8200211351 /* ViewController.swift in Sources */,
				D5D181501E137F8200211351 /* AppDelegate.swift in Sources */,
			);
			runOnlyForDeploymentPostprocessing = 0;
		};
/* End PBXSourcesBuildPhase section */

/* Begin PBXVariantGroup section */
		D5D181531E137F8200211351 /* Main.storyboard */ = {
			isa = PBXVariantGroup;
			children = (
				D5D181541E137F8200211351 /* Base */,
			);
			name = Main.storyboard;
			sourceTree = "<group>";
		};
		D5D181581E137F8200211351 /* LaunchScreen.storyboard */ = {
			isa = PBXVariantGroup;
			children = (
				D5D181591E137F8200211351 /* Base */,
			);
			name = LaunchScreen.storyboard;
			sourceTree = "<group>";
		};
/* End PBXVariantGroup section */

/* Begin XCBuildConfiguration section */
		D5D1815C1E137F8200211351 /* Debug */ = {
			isa = XCBuildConfiguration;
			buildSettings = {
				ALWAYS_SEARCH_USER_PATHS = NO;
				CLANG_ANALYZER_NONNULL = YES;
				CLANG_CXX_LANGUAGE_STANDARD = "gnu++0x";
				CLANG_CXX_LIBRARY = "libc++";
				CLANG_ENABLE_MODULES = YES;
				CLANG_ENABLE_OBJC_ARC = YES;
				CLANG_WARN_BOOL_CONVERSION = YES;
				CLANG_WARN_CONSTANT_CONVERSION = YES;
				CLANG_WARN_DIRECT_OBJC_ISA_USAGE = YES_ERROR;
				CLANG_WARN_DOCUMENTATION_COMMENTS = YES;
				CLANG_WARN_EMPTY_BODY = YES;
				CLANG_WARN_ENUM_CONVERSION = YES;
				CLANG_WARN_INFINITE_RECURSION = YES;
				CLANG_WARN_INT_CONVERSION = YES;
				CLANG_WARN_OBJC_ROOT_CLASS = YES_ERROR;
				CLANG_WARN_SUSPICIOUS_MOVE = YES;
				CLANG_WARN_UNREACHABLE_CODE = YES;
				CLANG_WARN__DUPLICATE_METHOD_MATCH = YES;
				"CODE_SIGN_IDENTITY[sdk=iphoneos*]" = "iPhone Developer";
				COPY_PHASE_STRIP = NO;
				DEBUG_INFORMATION_FORMAT = dwarf;
				ENABLE_STRICT_OBJC_MSGSEND = YES;
				ENABLE_TESTABILITY = YES;
				GCC_C_LANGUAGE_STANDARD = gnu99;
				GCC_DYNAMIC_NO_PIC = NO;
				GCC_NO_COMMON_BLOCKS = YES;
				GCC_OPTIMIZATION_LEVEL = 0;
				GCC_PREPROCESSOR_DEFINITIONS = (
					"DEBUG=1",
					"$(inherited)",
				);
				GCC_WARN_64_TO_32_BIT_CONVERSION = YES;
				GCC_WARN_ABOUT_RETURN_TYPE = YES_ERROR;
				GCC_WARN_UNDECLARED_SELECTOR = YES;
				GCC_WARN_UNINITIALIZED_AUTOS = YES_AGGRESSIVE;
				GCC_WARN_UNUSED_FUNCTION = YES;
				GCC_WARN_UNUSED_VARIABLE = YES;
				IPHONEOS_DEPLOYMENT_TARGET = 10.2;
				MTL_ENABLE_DEBUG_INFO = YES;
				ONLY_ACTIVE_ARCH = YES;
				SDKROOT = iphoneos;
				SWIFT_ACTIVE_COMPILATION_CONDITIONS = DEBUG;
				SWIFT_OPTIMIZATION_LEVEL = "-Onone";
				TARGETED_DEVICE_FAMILY = "1,2";
			};
			name = Debug;
		};
		D5D1815D1E137F8200211351 /* Release */ = {
			isa = XCBuildConfiguration;
			buildSettings = {
				ALWAYS_SEARCH_USER_PATHS = NO;
				CLANG_ANALYZER_NONNULL = YES;
				CLANG_CXX_LANGUAGE_STANDARD = "gnu++0x";
				CLANG_CXX_LIBRARY = "libc++";
				CLANG_ENABLE_MODULES = YES;
				CLANG_ENABLE_OBJC_ARC = YES;
				CLANG_WARN_BOOL_CONVERSION = YES;
				CLANG_WARN_CONSTANT_CONVERSION = YES;
				CLANG_WARN_DIRECT_OBJC_ISA_USAGE = YES_ERROR;
				CLANG_WARN_DOCUMENTATION_COMMENTS = YES;
				CLANG_WARN_EMPTY_BODY = YES;
				CLANG_WARN_ENUM_CONVERSION = YES;
				CLANG_WARN_INFINITE_RECURSION = YES;
				CLANG_WARN_INT_CONVERSION = YES;
				CLANG_WARN_OBJC_ROOT_CLASS = YES_ERROR;
				CLANG_WARN_SUSPICIOUS_MOVE = YES;
				CLANG_WARN_UNREACHABLE_CODE = YES;
				CLANG_WARN__DUPLICATE_METHOD_MATCH = YES;
				"CODE_SIGN_IDENTITY[sdk=iphoneos*]" = "iPhone Developer";
				COPY_PHASE_STRIP = NO;
				DEBUG_INFORMATION_FORMAT = "dwarf-with-dsym";
				ENABLE_NS_ASSERTIONS = NO;
				ENABLE_STRICT_OBJC_MSGSEND = YES;
				GCC_C_LANGUAGE_STANDARD = gnu99;
				GCC_NO_COMMON_BLOCKS = YES;
				GCC_WARN_64_TO_32_BIT_CONVERSION = YES;
				GCC_WARN_ABOUT_RETURN_TYPE = YES_ERROR;
				GCC_WARN_UNDECLARED_SELECTOR = YES;
				GCC_WARN_UNINITIALIZED_AUTOS = YES_AGGRESSIVE;
				GCC_WARN_UNUSED_FUNCTION = YES;
				GCC_WARN_UNUSED_VARIABLE = YES;
				IPHONEOS_DEPLOYMENT_TARGET = 10.2;
				MTL_ENABLE_DEBUG_INFO = NO;
				SDKROOT = iphoneos;
				SWIFT_OPTIMIZATION_LEVEL = "-Owholemodule";
				TARGETED_DEVICE_FAMILY = "1,2";
				VALIDATE_PRODUCT = YES;
			};
			name = Release;
		};
		D5D1815F1E137F8200211351 /* Debug */ = {
			isa = XCBuildConfiguration;
			buildSettings = {
				ASSETCATALOG_COMPILER_APPICON_NAME = AppIcon;
				DEVELOPMENT_TEAM = LT67CKJU24;
				INFOPLIST_FILE = ScrollThePage/Info.plist;
				LD_RUNPATH_SEARCH_PATHS = "$(inherited) @executable_path/Frameworks";
				PRODUCT_BUNDLE_IDENTIFIER = com.amangarry.ScrollThePage;
				PRODUCT_NAME = "$(TARGET_NAME)";
				SWIFT_VERSION = 3.0;
			};
			name = Debug;
		};
		D5D181601E137F8200211351 /* Release */ = {
			isa = XCBuildConfiguration;
			buildSettings = {
				ASSETCATALOG_COMPILER_APPICON_NAME = AppIcon;
				DEVELOPMENT_TEAM = LT67CKJU24;
				INFOPLIST_FILE = ScrollThePage/Info.plist;
				LD_RUNPATH_SEARCH_PATHS = "$(inherited) @executable_path/Frameworks";
				PRODUCT_BUNDLE_IDENTIFIER = com.amangarry.ScrollThePage;
				PRODUCT_NAME = "$(TARGET_NAME)";
				SWIFT_VERSION = 3.0;
			};
			name = Release;
		};
/* End XCBuildConfiguration section */

/* Begin XCConfigurationList section */
		D5D181471E137F8200211351 /* Build configuration list for PBXProject "ScrollThePage" */ = {
			isa = XCConfigurationList;
			buildConfigurations = (
				D5D1815C1E137F8200211351 /* Debug */,
				D5D1815D1E137F8200211351 /* Release */,
			);
			defaultConfigurationIsVisible = 0;
			defaultConfigurationName = Release;
		};
		D5D1815E1E137F8200211351 /* Build configuration list for PBXNativeTarget "ScrollThePage" */ = {
			isa = XCConfigurationList;
			buildConfigurations = (
				D5D1815F1E137F8200211351 /* Debug */,
				D5D181601E137F8200211351 /* Release */,
			);
			defaultConfigurationIsVisible = 0;
		};
/* End XCConfigurationList section */
	};
	rootObject = D5D181441E137F8200211351 /* Project object */;
}
